
Microsoft Visual Studio Solution File, Format Version 12.00
# Visual Studio 15
VisualStudioVersion = 15.0.27703.2026
MinimumVisualStudioVersion = 10.0.40219.1
Project("{FAE04EC0-301F-11D3-BF4B-00C04F79EFBC}") = "AssetManager", "AssetManager\AssetManager.csproj", "{327766E4-BB4F-4998-BD27-D4864F64F511}"
EndProject
Project("{FAE04EC0-301F-11D3-BF4B-00C04F79EFBC}") = "AssetManager.Domain", "AssetManager.Domain\AssetManager.Domain.csproj", "{B8278AC5-E92F-4057-B68C-BAA867767D31}"
EndProject
Project("{FAE04EC0-301F-11D3-BF4B-00C04F79EFBC}") = "AssetManager.DataAccess", "AssetManager.DataAccess\AssetManager.DataAccess.csproj", "{47284F49-FBBC-4AF6-AB61-EA2C12865067}"
EndProject
Project("{FAE04EC0-301F-11D3-BF4B-00C04F79EFBC}") = "Mvvm", "Mvvm\Mvvm.csproj", "{682C6904-32F4-40B4-8048-36FEA17A1997}"
EndProject
Global
	GlobalSection(SolutionConfigurationPlatforms) = preSolution
		Debug|Any CPU = Debug|Any CPU
		Release|Any CPU = Release|Any CPU
	EndGlobalSection
	GlobalSection(ProjectConfigurationPlatforms) = postSolution
		{327766E4-BB4F-4998-BD27-D4864F64F511}.Debug|Any CPU.ActiveCfg = Debug|Any CPU
		{327766E4-BB4F-4998-BD27-D4864F64F511}.Debug|Any CPU.Build.0 = Debug|Any CPU
		{327766E4-BB4F-4998-BD27-D4864F64F511}.Release|Any CPU.ActiveCfg = Release|Any CPU
		{327766E4-BB4F-4998-BD27-D4864F64F511}.Release|Any CPU.Build.0 = Release|Any CPU
		{B8278AC5-E92F-4057-B68C-BAA867767D31}.Debug|Any CPU.ActiveCfg = Debug|Any CPU
		{B8278AC5-E92F-4057-B68C-BAA867767D31}.Debug|Any CPU.Build.0 = Debug|Any CPU
		{B8278AC5-E92F-4057-B68C-BAA867767D31}.Release|Any CPU.ActiveCfg = Release|Any CPU
		{B8278AC5-E92F-4057-B68C-BAA867767D31}.Release|Any CPU.Build.0 = Release|Any CPU
		{47284F49-FBBC-4AF6-AB61-EA2C12865067}.Debug|Any CPU.ActiveCfg = Debug|Any CPU
		{47284F49-FBBC-4AF6-AB61-EA2C12865067}.Debug|Any CPU.Build.0 = Debug|Any CPU
		{47284F49-FBBC-4AF6-AB61-EA2C12865067}.Release|Any CPU.ActiveCfg = Release|Any CPU
		{47284F49-FBBC-4AF6-AB61-EA2C12865067}.Release|Any CPU.Build.0 = Release|Any CPU
		{682C6904-32F4-40B4-8048-36FEA17A1997}.Debug|Any CPU.ActiveCfg = Debug|Any CPU
		{682C6904-32F4-40B4-8048-36FEA17A1997}.Debug|Any CPU.Build.0 = Debug|Any CPU
		{682C6904-32F4-40B4-8048-36FEA17A1997}.Release|Any CPU.ActiveCfg = Release|Any CPU
		{682C6904-32F4-40B4-8048-36FEA17A1997}.Release|Any CPU.Build.0 = Release|Any CPU
	EndGlobalSection
	GlobalSection(SolutionProperties) = preSolution
		HideSolutionNode = FALSE
	EndGlobalSection
	GlobalSection(ExtensibilityGlobals) = postSolution
		SolutionGuid = {C694D9D7-0ECF-4557-84A0-2AA1A18BC5BC}
	EndGlobalSection
EndGlobal
